<?xml version="1.0" encoding="UTF-8"?>
<Scheme LastUpgradeVersion="1600" version="1.3">
  <BuildAction parallelizeBuildables="YES" buildImplicitDependencies="YES"><BuildActionEntries>
    <BuildActionEntry buildForTesting="YES" buildForRunning="YES" buildForProfiling="YES" buildForArchiving="YES" buildForAnalyzing="YES"><BuildableReference BuildableIdentifier="primary" BlueprintIdentifier="FF2DEB0A672641C3F6D12FFF" BuildableName="VIZIT.app" BlueprintName="VIZIT" ReferencedContainer="container:VIZIT.xcodeproj"/></BuildActionEntry>
  </BuildActionEntries></BuildAction>
  <TestAction buildConfiguration="Debug" selectedDebuggerIdentifier="Xcode.DebuggerFoundation.Debugger.LLDB" selectedLauncherIdentifier="Xcode.IDEFoundation.Launcher.LLDB" shouldUseLaunchSchemeArgsEnv="YES"><Testables>
    <TestableReference skipped="NO"><BuildableReference BuildableIdentifier="primary" BlueprintIdentifier="17E0FD01278F5273EBCFE02B" BuildableName="VizitNativeTests.xctest" BlueprintName="VizitNativeTests" ReferencedContainer="container:VIZIT.xcodeproj"/></TestableReference>
    <TestableReference skipped="NO"><BuildableReference BuildableIdentifier="primary" BlueprintIdentifier="BA852C76532F70F6083379B4" BuildableName="VizitUITests.xctest" BlueprintName="VizitUITests" ReferencedContainer="container:VIZIT.xcodeproj"/></TestableReference>
  </Testables></TestAction>
  <LaunchAction buildConfiguration="Debug" selectedDebuggerIdentifier="Xcode.DebuggerFoundation.Debugger.LLDB" selectedLauncherIdentifier="Xcode.IDEFoundation.Launcher.LLDB" launchStyle="0" useCustomWorkingDirectory="NO" ignoresPersistentStateOnLaunch="NO" debugDocumentVersioning="YES" debugServiceExtension="internal" allowLocationSimulation="YES"><BuildableProductRunnable runnableDebuggingMode="0"><BuildableReference BuildableIdentifier="primary" BlueprintIdentifier="FF2DEB0A672641C3F6D12FFF" BuildableName="VIZIT.app" BlueprintName="VIZIT" ReferencedContainer="container:VIZIT.xcodeproj"/></BuildableProductRunnable></LaunchAction>
  <ProfileAction buildConfiguration="Release" shouldUseLaunchSchemeArgsEnv="YES" savedToolIdentifier="" useCustomWorkingDirectory="NO" debugDocumentVersioning="YES"><BuildableProductRunnable runnableDebuggingMode="0"><BuildableReference BuildableIdentifier="primary" BlueprintIdentifier="FF2DEB0A672641C3F6D12FFF" BuildableName="VIZIT.app" BlueprintName="VIZIT" ReferencedContainer="container:VIZIT.xcodeproj"/></BuildableProductRunnable></ProfileAction>
  <AnalyzeAction buildConfiguration="Debug"/>
  <ArchiveAction buildConfiguration="Release" revealArchiveInOrganizer="YES"/>
</Scheme>
