// !$*UTF8*$!
{
	archiveVersion = 1;
	classes = {};
	objectVersion = 56;
	objects = {
		76354F059CA20056DAB0CBA1 = { isa = PBXFileReference; lastKnownFileType = sourcecode.swift; path = "Vizit/App/ContactSharing.swift"; sourceTree = "<group>"; };
		9FD2D02110EE44952EB56C71 = { isa = PBXBuildFile; fileRef = 76354F059CA20056DAB0CBA1; };
		3798EC768502AECDB41CB09B = { isa = PBXFileReference; lastKnownFileType = sourcecode.swift; path = "Vizit/App/ProfileEditor.swift"; sourceTree = "<group>"; };
		A0A2E43CA1FAB163C7A527A3 = { isa = PBXBuildFile; fileRef = 3798EC768502AECDB41CB09B; };
		82E7FB368CEFBE2FED408A37 = { isa = PBXFileReference; lastKnownFileType = sourcecode.swift; path = "Vizit/App/QRScanner.swift"; sourceTree = "<group>"; };
		2ED604F6EC74D42B4B40544E = { isa = PBXBuildFile; fileRef = 82E7FB368CEFBE2FED408A37; };
		385A43391953877416080FB4 = { isa = PBXFileReference; lastKnownFileType = sourcecode.swift; path = "Vizit/App/Screens.swift"; sourceTree = "<group>"; };
		1A33CDB522E46612397A3EBF = { isa = PBXBuildFile; fileRef = 385A43391953877416080FB4; };
		EDDA3F1318A14AD8938CE0E9 = { isa = PBXFileReference; lastKnownFileType = sourcecode.swift; path = "Vizit/App/VizitApp.swift"; sourceTree = "<group>"; };
		89CD248C755B5BE50BD02B06 = { isa = PBXBuildFile; fileRef = EDDA3F1318A14AD8938CE0E9; };
		100000000000000000000001 = { isa = PBXFileReference; lastKnownFileType = sourcecode.swift; path = "Vizit/App/AppConfiguration.swift"; sourceTree = "<group>"; };
		100000000000000000000002 = { isa = PBXBuildFile; fileRef = 100000000000000000000001; };
		100000000000000000000003 = { isa = PBXFileReference; lastKnownFileType = sourcecode.swift; path = "Vizit/App/SecureSessionStorage.swift"; sourceTree = "<group>"; };
		100000000000000000000004 = { isa = PBXBuildFile; fileRef = 100000000000000000000003; };
		100000000000000000000005 = { isa = PBXFileReference; lastKnownFileType = sourcecode.swift; path = "Vizit/App/ProfileSyncStore.swift"; sourceTree = "<group>"; };
		100000000000000000000006 = { isa = PBXBuildFile; fileRef = 100000000000000000000005; };
		100000000000000000000007 = { isa = PBXFileReference; lastKnownFileType = sourcecode.swift; path = "Vizit/App/CloudService.swift"; sourceTree = "<group>"; };
		100000000000000000000008 = { isa = PBXBuildFile; fileRef = 100000000000000000000007; };
		100000000000000000000009 = { isa = PBXFileReference; lastKnownFileType = sourcecode.swift; path = "Vizit/App/AuthScreen.swift"; sourceTree = "<group>"; };
		10000000000000000000000A = { isa = PBXBuildFile; fileRef = 100000000000000000000009; };
		0971AF8BEA1CD16F5D0DB661 = { isa = PBXFileReference; lastKnownFileType = sourcecode.swift; path = "Vizit/Core/ContactProfile.swift"; sourceTree = "<group>"; };
		616EF31BEC4D8DEFDDF89E03 = { isa = PBXBuildFile; fileRef = 0971AF8BEA1CD16F5D0DB661; };
		10000000000000000000000B = { isa = PBXFileReference; lastKnownFileType = sourcecode.swift; path = "Vizit/Core/AuthValidation.swift"; sourceTree = "<group>"; };
		10000000000000000000000C = { isa = PBXBuildFile; fileRef = 10000000000000000000000B; };
		200000000000000000000001 = { isa = PBXFileReference; lastKnownFileType = sourcecode.swift; path = "Vizit/Design/VizitTokens.swift"; sourceTree = "<group>"; };
		200000000000000000000002 = { isa = PBXBuildFile; fileRef = 200000000000000000000001; };
		200000000000000000000003 = { isa = PBXFileReference; lastKnownFileType = sourcecode.swift; path = "Vizit/Design/VizitType.swift"; sourceTree = "<group>"; };
		200000000000000000000004 = { isa = PBXBuildFile; fileRef = 200000000000000000000003; };
		200000000000000000000005 = { isa = PBXFileReference; lastKnownFileType = sourcecode.swift; path = "Vizit/Design/VizitTheme.swift"; sourceTree = "<group>"; };
		200000000000000000000006 = { isa = PBXBuildFile; fileRef = 200000000000000000000005; };
		200000000000000000000007 = { isa = PBXFileReference; lastKnownFileType = sourcecode.swift; path = "Vizit/Design/VizitComponents.swift"; sourceTree = "<group>"; };
		200000000000000000000008 = { isa = PBXBuildFile; fileRef = 200000000000000000000007; };
		200000000000000000000009 = { isa = PBXFileReference; lastKnownFileType = sourcecode.swift; path = "Vizit/Design/VizitDigitalCard.swift"; sourceTree = "<group>"; };
		20000000000000000000000A = { isa = PBXBuildFile; fileRef = 200000000000000000000009; };
		20000000000000000000000B = { isa = PBXFileReference; lastKnownFileType = image.png; path = "Vizit/VizitLogoMark.png"; sourceTree = "<group>"; };
		20000000000000000000000C = { isa = PBXBuildFile; fileRef = 20000000000000000000000B; };
		20000000000000000000000D = { isa = PBXFileReference; lastKnownFileType = sourcecode.swift; path = "Vizit/Design/VizitBrandHeader.swift"; sourceTree = "<group>"; };
		20000000000000000000000E = { isa = PBXBuildFile; fileRef = 20000000000000000000000D; };
		99591481ADD9E5A891734324 = { isa = PBXFileReference; lastKnownFileType = sourcecode.swift; path = "Vizit/Core/ProfileFileStore.swift"; sourceTree = "<group>"; };
		2EA623FAA523965506DC65EF = { isa = PBXBuildFile; fileRef = 99591481ADD9E5A891734324; };
		DB1F57CAB5C65C9D6377C15F = { isa = PBXFileReference; lastKnownFileType = sourcecode.swift; path = "Vizit/Core/VCard.swift"; sourceTree = "<group>"; };
		754DE486715A63D22DD4B493 = { isa = PBXBuildFile; fileRef = DB1F57CAB5C65C9D6377C15F; };
		F0B31F98875DFDBB485532F9 = { isa = PBXFileReference; lastKnownFileType = text.xml; path = "Vizit/PrivacyInfo.xcprivacy"; sourceTree = "<group>"; };
		A8367C555E811167FFFB07AE = { isa = PBXBuildFile; fileRef = F0B31F98875DFDBB485532F9; };
		A45BF26666D453B078B83057 = { isa = PBXFileReference; lastKnownFileType = image.png; path = "Vizit/VizitLogo.png"; sourceTree = "<group>"; };
		9A94A1FE0211D616485DC1FD = { isa = PBXBuildFile; fileRef = A45BF26666D453B078B83057; };
		100000000000000000000010 = { isa = PBXFileReference; lastKnownFileType = folder.assetcatalog; path = "Vizit/Assets.xcassets"; sourceTree = "<group>"; };
		100000000000000000000011 = { isa = PBXBuildFile; fileRef = 100000000000000000000010; };
		FCBAAEB795CA61F6D57B646D = { isa = PBXFileReference; lastKnownFileType = sourcecode.swift; path = "UITests/VizitUITests.swift"; sourceTree = "<group>"; };
		1DA8B981C3007F300168D82F = { isa = PBXBuildFile; fileRef = FCBAAEB795CA61F6D57B646D; };
		8F216A8ABF86753ADF464D65 = { isa = PBXFileReference; lastKnownFileType = sourcecode.swift; path = "NativeTests/NativeIntegrationTests.swift"; sourceTree = "<group>"; };
		9FA7C5E14D305170FAD5118D = { isa = PBXBuildFile; fileRef = 8F216A8ABF86753ADF464D65; };
		B6A029B989AB449C3BFB5D10 = { isa = PBXFileReference; explicitFileType = wrapper.application; includeInIndex = 0; path = VIZIT.app; sourceTree = BUILT_PRODUCTS_DIR; };
		F8E70A210CD774FE36882A2A = { isa = PBXSourcesBuildPhase; buildActionMask = 2147483647; files = (9FD2D02110EE44952EB56C71, A0A2E43CA1FAB163C7A527A3, 2ED604F6EC74D42B4B40544E, 1A33CDB522E46612397A3EBF, 89CD248C755B5BE50BD02B06, 100000000000000000000002, 100000000000000000000004, 100000000000000000000006, 100000000000000000000008, 10000000000000000000000A, 616EF31BEC4D8DEFDDF89E03, 10000000000000000000000C, 2EA623FAA523965506DC65EF, 754DE486715A63D22DD4B493, 200000000000000000000002, 200000000000000000000004, 200000000000000000000006, 200000000000000000000008, 20000000000000000000000A, 20000000000000000000000E,); runOnlyForDeploymentPostprocessing = 0; };
		10000000000000000000000F = { isa = PBXBuildFile; productRef = 10000000000000000000000E; };
		768B5FE4C1E0800604D02CDD = { isa = PBXFrameworksBuildPhase; buildActionMask = 2147483647; files = (10000000000000000000000F,); runOnlyForDeploymentPostprocessing = 0; };
		ADA2084CD07F23BEB5E9923B = { isa = PBXResourcesBuildPhase; buildActionMask = 2147483647; files = (A8367C555E811167FFFB07AE, 9A94A1FE0211D616485DC1FD, 100000000000000000000011, 20000000000000000000000C,); runOnlyForDeploymentPostprocessing = 0; };
		FF2DEB0A672641C3F6D12FFF = { isa = PBXNativeTarget; buildConfigurationList = 94B01BE97AB82455C951DC04; buildPhases = (F8E70A210CD774FE36882A2A, 768B5FE4C1E0800604D02CDD, ADA2084CD07F23BEB5E9923B,); buildRules = (); dependencies = (); name = VIZIT; packageProductDependencies = (10000000000000000000000E,); productName = VIZIT; productReference = B6A029B989AB449C3BFB5D10; productType = "com.apple.product-type.application"; };
		7972CAEBB457FDC8A0AD00C6 = { isa = XCBuildConfiguration; buildSettings = { ASSETCATALOG_COMPILER_APPICON_NAME = AppIcon; CODE_SIGN_STYLE = "Automatic"; DEVELOPMENT_TEAM = "K7BC6R47KA"; PRODUCT_NAME = "$(TARGET_NAME)"; PRODUCT_BUNDLE_IDENTIFIER = "hu.rayworks.vizit.ios.dev"; TARGETED_DEVICE_FAMILY = "1,2"; SUPPORTS_MACCATALYST = "NO"; INFOPLIST_FILE = "Vizit/Info.plist"; GENERATE_INFOPLIST_FILE = "NO"; CURRENT_PROJECT_VERSION = "1"; MARKETING_VERSION = "7.2.0"; LD_RUNPATH_SEARCH_PATHS = "$(inherited) @executable_path/Frameworks"; }; name = Debug; };
		99B77B55642B8D882680F65A = { isa = XCBuildConfiguration; buildSettings = { ASSETCATALOG_COMPILER_APPICON_NAME = AppIcon; CODE_SIGN_IDENTITY = "Apple Distribution"; CODE_SIGN_STYLE = "Manual"; DEVELOPMENT_TEAM = "K7BC6R47KA"; PROVISIONING_PROFILE_SPECIFIER = "VIZIT App Store"; PRODUCT_NAME = "$(TARGET_NAME)"; PRODUCT_BUNDLE_IDENTIFIER = "hu.rayworks.vizit.ios.dev"; TARGETED_DEVICE_FAMILY = "1,2"; SUPPORTS_MACCATALYST = "NO"; INFOPLIST_FILE = "Vizit/Info.plist"; GENERATE_INFOPLIST_FILE = "NO"; CURRENT_PROJECT_VERSION = "1"; MARKETING_VERSION = "7.2.0"; LD_RUNPATH_SEARCH_PATHS = "$(inherited) @executable_path/Frameworks"; }; name = Release; };
		94B01BE97AB82455C951DC04 = { isa = XCConfigurationList; buildConfigurations = (7972CAEBB457FDC8A0AD00C6, 99B77B55642B8D882680F65A,); defaultConfigurationIsVisible = 0; defaultConfigurationName = Release; };
		7C791EFA45E78AC151F8AE62 = { isa = PBXFileReference; explicitFileType = wrapper.cfbundle; includeInIndex = 0; path = VizitNativeTests.xctest; sourceTree = BUILT_PRODUCTS_DIR; };
		48F613C3FC6CE5F5D3FE4CBC = { isa = PBXSourcesBuildPhase; buildActionMask = 2147483647; files = (9FA7C5E14D305170FAD5118D,); runOnlyForDeploymentPostprocessing = 0; };
		8A0CFAA055E38466F01AAE98 = { isa = PBXFrameworksBuildPhase; buildActionMask = 2147483647; files = (); runOnlyForDeploymentPostprocessing = 0; };
		1A185D91D4136403BD4B5CC3 = { isa = PBXResourcesBuildPhase; buildActionMask = 2147483647; files = (); runOnlyForDeploymentPostprocessing = 0; };
		8B7BFEDC97990A0AF35F730F = { isa = PBXContainerItemProxy; containerPortal = 98F54143AB4E86B28C3AFEE0; proxyType = 1; remoteGlobalIDString = FF2DEB0A672641C3F6D12FFF; remoteInfo = VIZIT; };
		DAF88AB5A706577CB00B7B9A = { isa = PBXTargetDependency; target = FF2DEB0A672641C3F6D12FFF; targetProxy = 8B7BFEDC97990A0AF35F730F; };
		17E0FD01278F5273EBCFE02B = { isa = PBXNativeTarget; buildConfigurationList = 364D38AA33FEA386215D2C76; buildPhases = (48F613C3FC6CE5F5D3FE4CBC, 8A0CFAA055E38466F01AAE98, 1A185D91D4136403BD4B5CC3,); buildRules = (); dependencies = (DAF88AB5A706577CB00B7B9A,); name = VizitNativeTests; productName = VizitNativeTests; productReference = 7C791EFA45E78AC151F8AE62; productType = "com.apple.product-type.bundle.unit-test"; };
		23B698B4B1866BE2097C6C35 = { isa = XCBuildConfiguration; buildSettings = { CODE_SIGN_STYLE = "Automatic"; DEVELOPMENT_TEAM = ""; PRODUCT_NAME = "$(TARGET_NAME)"; PRODUCT_BUNDLE_IDENTIFIER = "hu.rayworks.vizit.ios.dev.vizitnativetests"; TARGETED_DEVICE_FAMILY = "1,2"; SUPPORTS_MACCATALYST = "NO"; GENERATE_INFOPLIST_FILE = "YES"; TEST_TARGET_NAME = "VIZIT"; TEST_HOST = "$(BUILT_PRODUCTS_DIR)/VIZIT.app/VIZIT"; BUNDLE_LOADER = "$(TEST_HOST)"; LD_RUNPATH_SEARCH_PATHS = "$(inherited) @executable_path/Frameworks @loader_path/Frameworks"; }; name = Debug; };
		83C81EA149C64A8653EC73A7 = { isa = XCBuildConfiguration; buildSettings = { CODE_SIGN_STYLE = "Automatic"; DEVELOPMENT_TEAM = ""; PRODUCT_NAME = "$(TARGET_NAME)"; PRODUCT_BUNDLE_IDENTIFIER = "hu.rayworks.vizit.ios.dev.vizitnativetests"; TARGETED_DEVICE_FAMILY = "1,2"; SUPPORTS_MACCATALYST = "NO"; GENERATE_INFOPLIST_FILE = "YES"; TEST_TARGET_NAME = "VIZIT"; TEST_HOST = "$(BUILT_PRODUCTS_DIR)/VIZIT.app/VIZIT"; BUNDLE_LOADER = "$(TEST_HOST)"; LD_RUNPATH_SEARCH_PATHS = "$(inherited) @executable_path/Frameworks @loader_path/Frameworks"; }; name = Release; };
		364D38AA33FEA386215D2C76 = { isa = XCConfigurationList; buildConfigurations = (23B698B4B1866BE2097C6C35, 83C81EA149C64A8653EC73A7,); defaultConfigurationIsVisible = 0; defaultConfigurationName = Release; };
		F9D269BB88B48E8A32D5CDEA = { isa = PBXFileReference; explicitFileType = wrapper.cfbundle; includeInIndex = 0; path = VizitUITests.xctest; sourceTree = BUILT_PRODUCTS_DIR; };
		EE18954B9F7ED3E49D85D380 = { isa = PBXSourcesBuildPhase; buildActionMask = 2147483647; files = (1DA8B981C3007F300168D82F,); runOnlyForDeploymentPostprocessing = 0; };
		4B251D215F8DDA1A5040CDDB = { isa = PBXFrameworksBuildPhase; buildActionMask = 2147483647; files = (); runOnlyForDeploymentPostprocessing = 0; };
		CD1D801E704169E3AED85C0C = { isa = PBXResourcesBuildPhase; buildActionMask = 2147483647; files = (); runOnlyForDeploymentPostprocessing = 0; };
		FAC72E34B9D493DCA038327F = { isa = PBXContainerItemProxy; containerPortal = 98F54143AB4E86B28C3AFEE0; proxyType = 1; remoteGlobalIDString = FF2DEB0A672641C3F6D12FFF; remoteInfo = VIZIT; };
		D992574089533FE958D4D2ED = { isa = PBXTargetDependency; target = FF2DEB0A672641C3F6D12FFF; targetProxy = FAC72E34B9D493DCA038327F; };
		BA852C76532F70F6083379B4 = { isa = PBXNativeTarget; buildConfigurationList = 86FF968C406B3BE0E7754FF4; buildPhases = (EE18954B9F7ED3E49D85D380, 4B251D215F8DDA1A5040CDDB, CD1D801E704169E3AED85C0C,); buildRules = (); dependencies = (D992574089533FE958D4D2ED,); name = VizitUITests; productName = VizitUITests; productReference = F9D269BB88B48E8A32D5CDEA; productType = "com.apple.product-type.bundle.ui-testing"; };
		719ACD0CB7177E6D9BD5977A = { isa = XCBuildConfiguration; buildSettings = { CODE_SIGN_STYLE = "Automatic"; DEVELOPMENT_TEAM = ""; PRODUCT_NAME = "$(TARGET_NAME)"; PRODUCT_BUNDLE_IDENTIFIER = "hu.rayworks.vizit.ios.dev.vizituitests"; TARGETED_DEVICE_FAMILY = "1,2"; SUPPORTS_MACCATALYST = "NO"; GENERATE_INFOPLIST_FILE = "YES"; TEST_TARGET_NAME = "VIZIT"; LD_RUNPATH_SEARCH_PATHS = "$(inherited) @executable_path/Frameworks @loader_path/Frameworks"; }; name = Debug; };
		F0EDC42C132891EE9E4A2DBC = { isa = XCBuildConfiguration; buildSettings = { CODE_SIGN_STYLE = "Automatic"; DEVELOPMENT_TEAM = ""; PRODUCT_NAME = "$(TARGET_NAME)"; PRODUCT_BUNDLE_IDENTIFIER = "hu.rayworks.vizit.ios.dev.vizituitests"; TARGETED_DEVICE_FAMILY = "1,2"; SUPPORTS_MACCATALYST = "NO"; GENERATE_INFOPLIST_FILE = "YES"; TEST_TARGET_NAME = "VIZIT"; LD_RUNPATH_SEARCH_PATHS = "$(inherited) @executable_path/Frameworks @loader_path/Frameworks"; }; name = Release; };
		86FF968C406B3BE0E7754FF4 = { isa = XCConfigurationList; buildConfigurations = (719ACD0CB7177E6D9BD5977A, F0EDC42C132891EE9E4A2DBC,); defaultConfigurationIsVisible = 0; defaultConfigurationName = Release; };
		FBDC4F23F93125BBEEAE800C = { isa = PBXGroup; children = (B6A029B989AB449C3BFB5D10, 7C791EFA45E78AC151F8AE62, F9D269BB88B48E8A32D5CDEA,); name = Products; sourceTree = "<group>"; };
		E50290A24C49A459B43487C5 = { isa = PBXGroup; children = (76354F059CA20056DAB0CBA1, 3798EC768502AECDB41CB09B, 82E7FB368CEFBE2FED408A37, 385A43391953877416080FB4, EDDA3F1318A14AD8938CE0E9, 100000000000000000000001, 100000000000000000000003, 100000000000000000000005, 100000000000000000000007, 100000000000000000000009, 0971AF8BEA1CD16F5D0DB661, 10000000000000000000000B, 99591481ADD9E5A891734324, DB1F57CAB5C65C9D6377C15F, F0B31F98875DFDBB485532F9, A45BF26666D453B078B83057, 100000000000000000000010, 8F216A8ABF86753ADF464D65, FCBAAEB795CA61F6D57B646D, FBDC4F23F93125BBEEAE800C, 200000000000000000000001, 200000000000000000000003, 200000000000000000000005, 200000000000000000000007, 200000000000000000000009, 20000000000000000000000B, 20000000000000000000000D,); sourceTree = "<group>"; };
		9B02B6EDC3ACD0D0A45EB8D7 = { isa = XCBuildConfiguration; buildSettings = { SDKROOT = "iphoneos"; IPHONEOS_DEPLOYMENT_TARGET = "16.0"; SWIFT_VERSION = "5.0"; CLANG_ENABLE_MODULES = "YES"; SWIFT_STRICT_CONCURRENCY = "targeted"; ENABLE_USER_SCRIPT_SANDBOXING = "YES"; DEBUG_INFORMATION_FORMAT = "dwarf-with-dsym"; SWIFT_ACTIVE_COMPILATION_CONDITIONS = "$(inherited) DEBUG"; SWIFT_OPTIMIZATION_LEVEL = "-Onone"; GCC_OPTIMIZATION_LEVEL = "0"; ENABLE_TESTABILITY = "YES"; }; name = Debug; };
		D55A472A54FF4167B59A18AC = { isa = XCBuildConfiguration; buildSettings = { SDKROOT = "iphoneos"; IPHONEOS_DEPLOYMENT_TARGET = "16.0"; SWIFT_VERSION = "5.0"; CLANG_ENABLE_MODULES = "YES"; SWIFT_STRICT_CONCURRENCY = "targeted"; ENABLE_USER_SCRIPT_SANDBOXING = "YES"; DEBUG_INFORMATION_FORMAT = "dwarf-with-dsym"; SWIFT_OPTIMIZATION_LEVEL = "-O"; SWIFT_COMPILATION_MODE = "wholemodule"; }; name = Release; };
		41A2CC2D5321B7BB2E956CA5 = { isa = XCConfigurationList; buildConfigurations = (9B02B6EDC3ACD0D0A45EB8D7, D55A472A54FF4167B59A18AC,); defaultConfigurationIsVisible = 0; defaultConfigurationName = Release; };
		98F54143AB4E86B28C3AFEE0 = { isa = PBXProject; attributes = { BuildIndependentTargetsInParallel = YES; LastUpgradeCheck = 1600; }; buildConfigurationList = 41A2CC2D5321B7BB2E956CA5; compatibilityVersion = "Xcode 14.0"; developmentRegion = hu; hasScannedForEncodings = 0; knownRegions = (hu, en, Base,); mainGroup = E50290A24C49A459B43487C5; packageReferences = (10000000000000000000000D,); productRefGroup = FBDC4F23F93125BBEEAE800C; projectDirPath = ""; projectRoot = ""; targets = (FF2DEB0A672641C3F6D12FFF, 17E0FD01278F5273EBCFE02B, BA852C76532F70F6083379B4,); };
		10000000000000000000000D = { isa = XCRemoteSwiftPackageReference; repositoryURL = "https://github.com/supabase/supabase-swift.git"; requirement = { kind = exactVersion; version = 2.55.2; }; };
		10000000000000000000000E = { isa = XCSwiftPackageProductDependency; package = 10000000000000000000000D; productName = Supabase; };
	};
	rootObject = 98F54143AB4E86B28C3AFEE0;
}
